{
    "version": 3,
    "terraform_version": "0.8.8",
    "serial": 14,
    "lineage": "7e3b8b62-9f01-4ec7-9d9b-623685a8a6a1",
    "modules": [
        {
            "path": [
                "root"
            ],
            "outputs": {},
            "resources": {
                "aws_instance.DareServer.0": {
                    "type": "aws_instance",
                    "depends_on": [],
                    "primary": {
                        "id": "i-073b49ec67e5a93aa",
                        "attributes": {
                            "ami": "ami-a19782c5",
                            "associate_public_ip_address": "true",
                            "availability_zone": "eu-west-2b",
                            "disable_api_termination": "false",
                            "ebs_block_device.#": "0",
                            "ebs_optimized": "false",
                            "ephemeral_block_device.#": "0",
                            "iam_instance_profile": "",
                            "id": "i-073b49ec67e5a93aa",
                            "instance_state": "running",
                            "instance_type": "t2.micro",
                            "ipv6_address_count": "0",
                            "ipv6_addresses.#": "0",
                            "key_name": "",
                            "monitoring": "false",
                            "network_interface_id": "eni-3d10bf70",
                            "private_dns": "ip-172-31-23-174.eu-west-2.compute.internal",
                            "private_ip": "172.31.23.174",
                            "public_dns": "ec2-52-56-192-77.eu-west-2.compute.amazonaws.com",
                            "public_ip": "52.56.192.77",
                            "root_block_device.#": "1",
                            "root_block_device.0.delete_on_termination": "true",
                            "root_block_device.0.iops": "100",
                            "root_block_device.0.volume_size": "10",
                            "root_block_device.0.volume_type": "gp2",
                            "security_groups.#": "0",
                            "source_dest_check": "true",
                            "subnet_id": "subnet-884859c2",
                            "tags.%": "0",
                            "tenancy": "default",
                            "vpc_security_group_ids.#": "1",
                            "vpc_security_group_ids.1969124119": "sg-fc59f995"
                        },
                        "meta": {
                            "schema_version": "1"
                        },
                        "tainted": false
                    },
                    "deposed": [],
                    "provider": ""
                },
                "aws_instance.DareServer.1": {
                    "type": "aws_instance",
                    "depends_on": [],
                    "primary": {
                        "id": "i-08c3875e70d234f93",
                        "attributes": {
                            "ami": "ami-a19782c5",
                            "associate_public_ip_address": "true",
                            "availability_zone": "eu-west-2b",
                            "disable_api_termination": "false",
                            "ebs_block_device.#": "0",
                            "ebs_optimized": "false",
                            "ephemeral_block_device.#": "0",
                            "iam_instance_profile": "",
                            "id": "i-08c3875e70d234f93",
                            "instance_state": "running",
                            "instance_type": "t2.micro",
                            "ipv6_address_count": "0",
                            "ipv6_addresses.#": "0",
                            "key_name": "",
                            "monitoring": "false",
                            "network_interface_id": "eni-a612bdeb",
                            "private_dns": "ip-172-31-23-30.eu-west-2.compute.internal",
                            "private_ip": "172.31.23.30",
                            "public_dns": "ec2-52-56-107-62.eu-west-2.compute.amazonaws.com",
                            "public_ip": "52.56.107.62",
                            "root_block_device.#": "1",
                            "root_block_device.0.delete_on_termination": "true",
                            "root_block_device.0.iops": "100",
                            "root_block_device.0.volume_size": "10",
                            "root_block_device.0.volume_type": "gp2",
                            "security_groups.#": "0",
                            "source_dest_check": "true",
                            "subnet_id": "subnet-884859c2",
                            "tags.%": "0",
                            "tenancy": "default",
                            "vpc_security_group_ids.#": "1",
                            "vpc_security_group_ids.1969124119": "sg-fc59f995"
                        },
                        "meta": {
                            "schema_version": "1"
                        },
                        "tainted": false
                    },
                    "deposed": [],
                    "provider": ""
                },
                "aws_instance.DareServer.2": {
                    "type": "aws_instance",
                    "depends_on": [],
                    "primary": {
                        "id": "i-0afefc332a93eff88",
                        "attributes": {
                            "ami": "ami-a19782c5",
                            "associate_public_ip_address": "true",
                            "availability_zone": "eu-west-2b",
                            "disable_api_termination": "false",
                            "ebs_block_device.#": "0",
                            "ebs_optimized": "false",
                            "ephemeral_block_device.#": "0",
                            "iam_instance_profile": "",
                            "id": "i-0afefc332a93eff88",
                            "instance_state": "running",
                            "instance_type": "t2.micro",
                            "ipv6_address_count": "0",
                            "ipv6_addresses.#": "0",
                            "key_name": "",
                            "monitoring": "false",
                            "network_interface_id": "eni-0d11be40",
                            "private_dns": "ip-172-31-21-172.eu-west-2.compute.internal",
                            "private_ip": "172.31.21.172",
                            "public_dns": "ec2-52-56-168-253.eu-west-2.compute.amazonaws.com",
                            "public_ip": "52.56.168.253",
                            "root_block_device.#": "1",
                            "root_block_device.0.delete_on_termination": "true",
                            "root_block_device.0.iops": "100",
                            "root_block_device.0.volume_size": "10",
                            "root_block_device.0.volume_type": "gp2",
                            "security_groups.#": "0",
                            "source_dest_check": "true",
                            "subnet_id": "subnet-884859c2",
                            "tags.%": "0",
                            "tenancy": "default",
                            "vpc_security_group_ids.#": "1",
                            "vpc_security_group_ids.1969124119": "sg-fc59f995"
                        },
                        "meta": {
                            "schema_version": "1"
                        },
                        "tainted": false
                    },
                    "deposed": [],
                    "provider": ""
                },
                "aws_instance.DareServer.3": {
                    "type": "aws_instance",
                    "depends_on": [],
                    "primary": {
                        "id": "i-0e1f53231c61f846b",
                        "attributes": {
                            "ami": "ami-a19782c5",
                            "associate_public_ip_address": "true",
                            "availability_zone": "eu-west-2b",
                            "disable_api_termination": "false",
                            "ebs_block_device.#": "0",
                            "ebs_optimized": "false",
                            "ephemeral_block_device.#": "0",
                            "iam_instance_profile": "",
                            "id": "i-0e1f53231c61f846b",
                            "instance_state": "running",
                            "instance_type": "t2.micro",
                            "ipv6_address_count": "0",
                            "ipv6_addresses.#": "0",
                            "key_name": "",
                            "monitoring": "false",
                            "network_interface_id": "eni-2710bf6a",
                            "private_dns": "ip-172-31-31-16.eu-west-2.compute.internal",
                            "private_ip": "172.31.31.16",
                            "public_dns": "ec2-52-56-196-117.eu-west-2.compute.amazonaws.com",
                            "public_ip": "52.56.196.117",
                            "root_block_device.#": "1",
                            "root_block_device.0.delete_on_termination": "true",
                            "root_block_device.0.iops": "100",
                            "root_block_device.0.volume_size": "10",
                            "root_block_device.0.volume_type": "gp2",
                            "security_groups.#": "0",
                            "source_dest_check": "true",
                            "subnet_id": "subnet-884859c2",
                            "tags.%": "0",
                            "tenancy": "default",
                            "vpc_security_group_ids.#": "1",
                            "vpc_security_group_ids.1969124119": "sg-fc59f995"
                        },
                        "meta": {
                            "schema_version": "1"
                        },
                        "tainted": false
                    },
                    "deposed": [],
                    "provider": ""
                }
            },
            "depends_on": []
        }
    ]
}
